
Microsoft Visual Studio Solution File, Format Version 12.00
# Visual Studio 15
VisualStudioVersion = 15.0.28307.168
MinimumVisualStudioVersion = 10.0.40219.1
Project("{8BC9CEB8-8B4A-11D0-8D11-00A0C91BC942}") = "Project75", "Project75\Project75.vcxproj", "{DE9AED89-7F2F-48FD-8BE6-9CBBCE7DD3F4}"
EndProject
Global
	GlobalSection(SolutionConfigurationPlatforms) = preSolution
		Debug|x64 = Debug|x64
		Debug|x86 = Debug|x86
		Release|x64 = Release|x64
		Release|x86 = Release|x86
	EndGlobalSection
	GlobalSection(ProjectConfigurationPlatforms) = postSolution
		{DE9AED89-7F2F-48FD-8BE6-9CBBCE7DD3F4}.Debug|x64.ActiveCfg = Debug|x64
		{DE9AED89-7F2F-48FD-8BE6-9CBBCE7DD3F4}.Debug|x64.Build.0 = Debug|x64
		{DE9AED89-7F2F-48FD-8BE6-9CBBCE7DD3F4}.Debug|x86.ActiveCfg = Debug|Win32
		{DE9AED89-7F2F-48FD-8BE6-9CBBCE7DD3F4}.Debug|x86.Build.0 = Debug|Win32
		{DE9AED89-7F2F-48FD-8BE6-9CBBCE7DD3F4}.Release|x64.ActiveCfg = Release|x64
		{DE9AED89-7F2F-48FD-8BE6-9CBBCE7DD3F4}.Release|x64.Build.0 = Release|x64
		{DE9AED89-7F2F-48FD-8BE6-9CBBCE7DD3F4}.Release|x86.ActiveCfg = Release|Win32
		{DE9AED89-7F2F-48FD-8BE6-9CBBCE7DD3F4}.Release|x86.Build.0 = Release|Win32
	EndGlobalSection
	GlobalSection(SolutionProperties) = preSolution
		HideSolutionNode = FALSE
	EndGlobalSection
	GlobalSection(ExtensibilityGlobals) = postSolution
		SolutionGuid = {9EA97F18-BD9F-4385-8368-1A63729DEB9C}
	EndGlobalSection
EndGlobal
